
Microsoft Visual Studio Solution File, Format Version 12.00
# Visual Studio Version 17
VisualStudioVersion = 17.14.36301.6 d17.14
MinimumVisualStudioVersion = 10.0.40219.1
Project("{FAE04EC0-301F-11D3-BF4B-00C04F79EFBC}") = "KiCadImport", "KiCadImport\KiCadImport.csproj", "{15526BC4-D982-4CBB-A6D4-A2002CAC3F78}"
EndProject
Global
	GlobalSection(SolutionConfigurationPlatforms) = preSolution
		Debug|Any CPU = Debug|Any CPU
		Release|Any CPU = Release|Any CPU
	EndGlobalSection
	GlobalSection(ProjectConfigurationPlatforms) = postSolution
		{15526BC4-D982-4CBB-A6D4-A2002CAC3F78}.Debug|Any CPU.ActiveCfg = Debug|Any CPU
		{15526BC4-D982-4CBB-A6D4-A2002CAC3F78}.Debug|Any CPU.Build.0 = Debug|Any CPU
		{15526BC4-D982-4CBB-A6D4-A2002CAC3F78}.Release|Any CPU.ActiveCfg = Release|Any CPU
		{15526BC4-D982-4CBB-A6D4-A2002CAC3F78}.Release|Any CPU.Build.0 = Release|Any CPU
	EndGlobalSection
	GlobalSection(SolutionProperties) = preSolution
		HideSolutionNode = FALSE
	EndGlobalSection
	GlobalSection(ExtensibilityGlobals) = postSolution
		SolutionGuid = {5BA33ED6-F030-4F18-8FB2-5CD5F9FABC9D}
	EndGlobalSection
EndGlobal
